// !$*UTF8*$!
{
	archiveVersion = 1;
	classes = {
	};
	objectVersion = 46;
	objects = {

/* Begin PBXBuildFile section */
		0A3D9FA41C3DF93B00531EE3 /* XZDecoder.m in Sources */ = {isa = PBXBuildFile; fileRef = 0A3D9FA31C3DF93B00531EE3 /* XZDecoder.m */; };
		0AC66C981C3E427300343D81 /* libiconv.tbd in Frameworks */ = {isa = PBXBuildFile; fileRef = 0AC66C971C3E427300343D81 /* libiconv.tbd */; };
		0AC66C9A1C3E437C00343D81 /* libbz2.1.0.tbd in Frameworks */ = {isa = PBXBuildFile; fileRef = 0AC66C991C3E437C00343D81 /* libbz2.1.0.tbd */; };
		0AC66C9B1C3E4B8400343D81 /* war3end.mp4 in Resources */ = {isa = PBXBuildFile; fileRef = 0AE3EDDC1C3D1EB100D9BCE6 /* war3end.mp4 */; };
		0AE3ECEF1C3CC4B300D9BCE6 /* AppDelegate.swift in Sources */ = {isa = PBXBuildFile; fileRef = 0AE3ECEE1C3CC4B300D9BCE6 /* AppDelegate.swift */; };
		0AE3ECF11C3CC4B300D9BCE6 /* ViewController.swift in Sources */ = {isa = PBXBuildFile; fileRef = 0AE3ECF01C3CC4B300D9BCE6 /* ViewController.swift */; };
		0AE3ECF41C3CC4B300D9BCE6 /* Main.storyboard in Resources */ = {isa = PBXBuildFile; fileRef = 0AE3ECF21C3CC4B300D9BCE6 /* Main.storyboard */; };
		0AE3ECF61C3CC4B300D9BCE6 /* Assets.xcassets in Resources */ = {isa = PBXBuildFile; fileRef = 0AE3ECF51C3CC4B300D9BCE6 /* Assets.xcassets */; };
		0AE3ECF91C3CC4B300D9BCE6 /* LaunchScreen.storyboard in Resources */ = {isa = PBXBuildFile; fileRef = 0AE3ECF71C3CC4B300D9BCE6 /* LaunchScreen.storyboard */; };
		0AE3EDB71C3CE50600D9BCE6 /* libavcodec in Resources */ = {isa = PBXBuildFile; fileRef = 0AE3EDB01C3CE50600D9BCE6 /* libavcodec */; };
		0AE3EDB81C3CE50600D9BCE6 /* libavdevice in Resources */ = {isa = PBXBuildFile; fileRef = 0AE3EDB11C3CE50600D9BCE6 /* libavdevice */; };
		0AE3EDB91C3CE50600D9BCE6 /* libavfilter in Resources */ = {isa = PBXBuildFile; fileRef = 0AE3EDB21C3CE50600D9BCE6 /* libavfilter */; };
		0AE3EDBA1C3CE50600D9BCE6 /* libavformat in Resources */ = {isa = PBXBuildFile; fileRef = 0AE3EDB31C3CE50600D9BCE6 /* libavformat */; };
		0AE3EDBB1C3CE50600D9BCE6 /* libavutil in Resources */ = {isa = PBXBuildFile; fileRef = 0AE3EDB41C3CE50600D9BCE6 /* libavutil */; };
		0AE3EDBC1C3CE50600D9BCE6 /* libswresample in Resources */ = {isa = PBXBuildFile; fileRef = 0AE3EDB51C3CE50600D9BCE6 /* libswresample */; };
		0AE3EDBD1C3CE50600D9BCE6 /* libswscale in Resources */ = {isa = PBXBuildFile; fileRef = 0AE3EDB61C3CE50600D9BCE6 /* libswscale */; };
		0AE3EDC51C3CEBF600D9BCE6 /* libavcodec.a in Frameworks */ = {isa = PBXBuildFile; fileRef = 0AE3EDBE1C3CEBF600D9BCE6 /* libavcodec.a */; };
		0AE3EDC61C3CEBF600D9BCE6 /* libavdevice.a in Frameworks */ = {isa = PBXBuildFile; fileRef = 0AE3EDBF1C3CEBF600D9BCE6 /* libavdevice.a */; };
		0AE3EDC71C3CEBF600D9BCE6 /* libavfilter.a in Frameworks */ = {isa = PBXBuildFile; fileRef = 0AE3EDC01C3CEBF600D9BCE6 /* libavfilter.a */; };
		0AE3EDC81C3CEBF600D9BCE6 /* libavformat.a in Frameworks */ = {isa = PBXBuildFile; fileRef = 0AE3EDC11C3CEBF600D9BCE6 /* libavformat.a */; };
		0AE3EDC91C3CEBF600D9BCE6 /* libavutil.a in Frameworks */ = {isa = PBXBuildFile; fileRef = 0AE3EDC21C3CEBF600D9BCE6 /* libavutil.a */; };
		0AE3EDCA1C3CEBF600D9BCE6 /* libswresample.a in Frameworks */ = {isa = PBXBuildFile; fileRef = 0AE3EDC31C3CEBF600D9BCE6 /* libswresample.a */; };
		0AE3EDCB1C3CEBF600D9BCE6 /* libswscale.a in Frameworks */ = {isa = PBXBuildFile; fileRef = 0AE3EDC41C3CEBF600D9BCE6 /* libswscale.a */; settings = {ATTRIBUTES = (Required, ); }; };
		D968B0C12D7FFDC4DA90821E /* libPods.a in Frameworks */ = {isa = PBXBuildFile; fileRef = 4010CB8387683A681CC2F359 /* libPods.a */; };
/* End PBXBuildFile section */

/* Begin PBXFileReference section */
		036CBEFA459A6EE8F0BB24C2 /* Pods.release.xcconfig */ = {isa = PBXFileReference; includeInIndex = 1; lastKnownFileType = text.xcconfig; name = Pods.release.xcconfig; path = "Pods/Target Support Files/Pods/Pods.release.xcconfig"; sourceTree = "<group>"; };
		0A3D9FA21C3DF93B00531EE3 /* XZDecoder.h */ = {isa = PBXFileReference; fileEncoding = 4; lastKnownFileType = sourcecode.c.h; path = XZDecoder.h; sourceTree = "<group>"; };
		0A3D9FA31C3DF93B00531EE3 /* XZDecoder.m */ = {isa = PBXFileReference; fileEncoding = 4; lastKnownFileType = sourcecode.c.objc; path = XZDecoder.m; sourceTree = "<group>"; };
		0AC66C971C3E427300343D81 /* libiconv.tbd */ = {isa = PBXFileReference; lastKnownFileType = "sourcecode.text-based-dylib-definition"; name = libiconv.tbd; path = usr/lib/libiconv.tbd; sourceTree = SDKROOT; };
		0AC66C991C3E437C00343D81 /* libbz2.1.0.tbd */ = {isa = PBXFileReference; lastKnownFileType = "sourcecode.text-based-dylib-definition"; name = libbz2.1.0.tbd; path = usr/lib/libbz2.1.0.tbd; sourceTree = SDKROOT; };
		0AE3ECEB1C3CC4B300D9BCE6 /* ffmpegDemo.app */ = {isa = PBXFileReference; explicitFileType = wrapper.application; includeInIndex = 0; path = ffmpegDemo.app; sourceTree = BUILT_PRODUCTS_DIR; };
		0AE3ECEE1C3CC4B300D9BCE6 /* AppDelegate.swift */ = {isa = PBXFileReference; lastKnownFileType = sourcecode.swift; path = AppDelegate.swift; sourceTree = "<group>"; };
		0AE3ECF01C3CC4B300D9BCE6 /* ViewController.swift */ = {isa = PBXFileReference; lastKnownFileType = sourcecode.swift; path = ViewController.swift; sourceTree = "<group>"; };
		0AE3ECF31C3CC4B300D9BCE6 /* Base */ = {isa = PBXFileReference; lastKnownFileType = file.storyboard; name = Base; path = Base.lproj/Main.storyboard; sourceTree = "<group>"; };
		0AE3ECF51C3CC4B300D9BCE6 /* Assets.xcassets */ = {isa = PBXFileReference; lastKnownFileType = folder.assetcatalog; path = Assets.xcassets; sourceTree = "<group>"; };
		0AE3ECF81C3CC4B300D9BCE6 /* Base */ = {isa = PBXFileReference; lastKnownFileType = file.storyboard; name = Base; path = Base.lproj/LaunchScreen.storyboard; sourceTree = "<group>"; };
		0AE3ECFA1C3CC4B300D9BCE6 /* Info.plist */ = {isa = PBXFileReference; lastKnownFileType = text.plist.xml; path = Info.plist; sourceTree = "<group>"; };
		0AE3ED931C3CD85900D9BCE6 /* ffmpegDemo-Bridging-Header.h */ = {isa = PBXFileReference; fileEncoding = 4; lastKnownFileType = sourcecode.c.h; path = "ffmpegDemo-Bridging-Header.h"; sourceTree = "<group>"; };
		0AE3EDB01C3CE50600D9BCE6 /* libavcodec */ = {isa = PBXFileReference; lastKnownFileType = folder; path = libavcodec; sourceTree = "<group>"; };
		0AE3EDB11C3CE50600D9BCE6 /* libavdevice */ = {isa = PBXFileReference; lastKnownFileType = folder; path = libavdevice; sourceTree = "<group>"; };
		0AE3EDB21C3CE50600D9BCE6 /* libavfilter */ = {isa = PBXFileReference; lastKnownFileType = folder; path = libavfilter; sourceTree = "<group>"; };
		0AE3EDB31C3CE50600D9BCE6 /* libavformat */ = {isa = PBXFileReference; lastKnownFileType = folder; path = libavformat; sourceTree = "<group>"; };
		0AE3EDB41C3CE50600D9BCE6 /* libavutil */ = {isa = PBXFileReference; lastKnownFileType = folder; path = libavutil; sourceTree = "<group>"; };
		0AE3EDB51C3CE50600D9BCE6 /* libswresample */ = {isa = PBXFileReference; lastKnownFileType = folder; path = libswresample; sourceTree = "<group>"; };
		0AE3EDB61C3CE50600D9BCE6 /* libswscale */ = {isa = PBXFileReference; lastKnownFileType = folder; path = libswscale; sourceTree = "<group>"; };
		0AE3EDBE1C3CEBF600D9BCE6 /* libavcodec.a */ = {isa = PBXFileReference; lastKnownFileType = archive.ar; path = libavcodec.a; sourceTree = "<group>"; };
		0AE3EDBF1C3CEBF600D9BCE6 /* libavdevice.a */ = {isa = PBXFileReference; lastKnownFileType = archive.ar; path = libavdevice.a; sourceTree = "<group>"; };
		0AE3EDC01C3CEBF600D9BCE6 /* libavfilter.a */ = {isa = PBXFileReference; lastKnownFileType = archive.ar; path = libavfilter.a; sourceTree = "<group>"; };
		0AE3EDC11C3CEBF600D9BCE6 /* libavformat.a */ = {isa = PBXFileReference; lastKnownFileType = archive.ar; path = libavformat.a; sourceTree = "<group>"; };
		0AE3EDC21C3CEBF600D9BCE6 /* libavutil.a */ = {isa = PBXFileReference; lastKnownFileType = archive.ar; path = libavutil.a; sourceTree = "<group>"; };
		0AE3EDC31C3CEBF600D9BCE6 /* libswresample.a */ = {isa = PBXFileReference; lastKnownFileType = archive.ar; path = libswresample.a; sourceTree = "<group>"; };
		0AE3EDC41C3CEBF600D9BCE6 /* libswscale.a */ = {isa = PBXFileReference; lastKnownFileType = archive.ar; path = libswscale.a; sourceTree = "<group>"; };
		0AE3EDCC1C3CEEF600D9BCE6 /* libz.tbd */ = {isa = PBXFileReference; lastKnownFileType = "sourcecode.text-based-dylib-definition"; name = libz.tbd; path = usr/lib/libz.tbd; sourceTree = SDKROOT; };
		0AE3EDCE1C3CEF2D00D9BCE6 /* AVFoundation.framework */ = {isa = PBXFileReference; lastKnownFileType = wrapper.framework; name = AVFoundation.framework; path = System/Library/Frameworks/AVFoundation.framework; sourceTree = SDKROOT; };
		0AE3EDDC1C3D1EB100D9BCE6 /* war3end.mp4 */ = {isa = PBXFileReference; lastKnownFileType = file; path = war3end.mp4; sourceTree = "<group>"; };
		4010CB8387683A681CC2F359 /* libPods.a */ = {isa = PBXFileReference; explicitFileType = archive.ar; includeInIndex = 0; path = libPods.a; sourceTree = BUILT_PRODUCTS_DIR; };
		B1A2B0786793B219DE7AFED8 /* Pods.debug.xcconfig */ = {isa = PBXFileReference; includeInIndex = 1; lastKnownFileType = text.xcconfig; name = Pods.debug.xcconfig; path = "Pods/Target Support Files/Pods/Pods.debug.xcconfig"; sourceTree = "<group>"; };
/* End PBXFileReference section */

/* Begin PBXFrameworksBuildPhase section */
		0AE3ECE81C3CC4B300D9BCE6 /* Frameworks */ = {
			isa = PBXFrameworksBuildPhase;
			buildActionMask = 2147483647;
			files = (
				0AC66C9A1C3E437C00343D81 /* libbz2.1.0.tbd in Frameworks */,
				0AC66C981C3E427300343D81 /* libiconv.tbd in Frameworks */,
				0AE3EDC91C3CEBF600D9BCE6 /* libavutil.a in Frameworks */,
				0AE3EDCB1C3CEBF600D9BCE6 /* libswscale.a in Frameworks */,
				0AE3EDC71C3CEBF600D9BCE6 /* libavfilter.a in Frameworks */,
				0AE3EDC61C3CEBF600D9BCE6 /* libavdevice.a in Frameworks */,
				0AE3EDC51C3CEBF600D9BCE6 /* libavcodec.a in Frameworks */,
				0AE3EDCA1C3CEBF600D9BCE6 /* libswresample.a in Frameworks */,
				0AE3EDC81C3CEBF600D9BCE6 /* libavformat.a in Frameworks */,
				D968B0C12D7FFDC4DA90821E /* libPods.a in Frameworks */,
			);
			runOnlyForDeploymentPostprocessing = 0;
		};
/* End PBXFrameworksBuildPhase section */

/* Begin PBXGroup section */
		0AE3ECE21C3CC4B300D9BCE6 = {
			isa = PBXGroup;
			children = (
				0AC66C991C3E437C00343D81 /* libbz2.1.0.tbd */,
				0AC66C971C3E427300343D81 /* libiconv.tbd */,
				0AE3EDCE1C3CEF2D00D9BCE6 /* AVFoundation.framework */,
				0AE3EDCC1C3CEEF600D9BCE6 /* libz.tbd */,
				0AE3ECED1C3CC4B300D9BCE6 /* ffmpegDemo */,
				0AE3ECEC1C3CC4B300D9BCE6 /* Products */,
				7F960455E7F8A7D49202A895 /* Pods */,
				1CF1EABF9B6F984AC1D5D0AC /* Frameworks */,
			);
			sourceTree = "<group>";
		};
		0AE3ECEC1C3CC4B300D9BCE6 /* Products */ = {
			isa = PBXGroup;
			children = (
				0AE3ECEB1C3CC4B300D9BCE6 /* ffmpegDemo.app */,
			);
			name = Products;
			sourceTree = "<group>";
		};
		0AE3ECED1C3CC4B300D9BCE6 /* ffmpegDemo */ = {
			isa = PBXGroup;
			children = (
				0AE3ED9C1C3CE33E00D9BCE6 /* FFmpeg */,
				0AE3ECEE1C3CC4B300D9BCE6 /* AppDelegate.swift */,
				0AE3ECF01C3CC4B300D9BCE6 /* ViewController.swift */,
				0A3D9FA21C3DF93B00531EE3 /* XZDecoder.h */,
				0A3D9FA31C3DF93B00531EE3 /* XZDecoder.m */,
				0AE3ED931C3CD85900D9BCE6 /* ffmpegDemo-Bridging-Header.h */,
				0AE3EDDC1C3D1EB100D9BCE6 /* war3end.mp4 */,
				0AE3ECF21C3CC4B300D9BCE6 /* Main.storyboard */,
				0AE3ECF51C3CC4B300D9BCE6 /* Assets.xcassets */,
				0AE3ECF71C3CC4B300D9BCE6 /* LaunchScreen.storyboard */,
				0AE3ECFA1C3CC4B300D9BCE6 /* Info.plist */,
			);
			path = ffmpegDemo;
			sourceTree = "<group>";
		};
		0AE3ED9C1C3CE33E00D9BCE6 /* FFmpeg */ = {
			isa = PBXGroup;
			children = (
				0AE3EDBE1C3CEBF600D9BCE6 /* libavcodec.a */,
				0AE3EDBF1C3CEBF600D9BCE6 /* libavdevice.a */,
				0AE3EDC01C3CEBF600D9BCE6 /* libavfilter.a */,
				0AE3EDC11C3CEBF600D9BCE6 /* libavformat.a */,
				0AE3EDC21C3CEBF600D9BCE6 /* libavutil.a */,
				0AE3EDC31C3CEBF600D9BCE6 /* libswresample.a */,
				0AE3EDC41C3CEBF600D9BCE6 /* libswscale.a */,
				0AE3EDA11C3CE4C900D9BCE6 /* include */,
			);
			name = FFmpeg;
			sourceTree = "<group>";
		};
		0AE3EDA11C3CE4C900D9BCE6 /* include */ = {
			isa = PBXGroup;
			children = (
				0AE3EDB01C3CE50600D9BCE6 /* libavcodec */,
				0AE3EDB11C3CE50600D9BCE6 /* libavdevice */,
				0AE3EDB21C3CE50600D9BCE6 /* libavfilter */,
				0AE3EDB31C3CE50600D9BCE6 /* libavformat */,
				0AE3EDB41C3CE50600D9BCE6 /* libavutil */,
				0AE3EDB51C3CE50600D9BCE6 /* libswresample */,
				0AE3EDB61C3CE50600D9BCE6 /* libswscale */,
			);
			name = include;
			sourceTree = "<group>";
		};
		1CF1EABF9B6F984AC1D5D0AC /* Frameworks */ = {
			isa = PBXGroup;
			children = (
				4010CB8387683A681CC2F359 /* libPods.a */,
			);
			name = Frameworks;
			sourceTree = "<group>";
		};
		7F960455E7F8A7D49202A895 /* Pods */ = {
			isa = PBXGroup;
			children = (
				B1A2B0786793B219DE7AFED8 /* Pods.debug.xcconfig */,
				036CBEFA459A6EE8F0BB24C2 /* Pods.release.xcconfig */,
			);
			name = Pods;
			sourceTree = "<group>";
		};
/* End PBXGroup section */

/* Begin PBXNativeTarget section */
		0AE3ECEA1C3CC4B300D9BCE6 /* ffmpegDemo */ = {
			isa = PBXNativeTarget;
			buildConfigurationList = 0AE3ED131C3CC4B400D9BCE6 /* Build configuration list for PBXNativeTarget "ffmpegDemo" */;
			buildPhases = (
				59382E8201D21989EA7B22D8 /* Check Pods Manifest.lock */,
				0AE3ECE71C3CC4B300D9BCE6 /* Sources */,
				0AE3ECE81C3CC4B300D9BCE6 /* Frameworks */,
				0AE3ECE91C3CC4B300D9BCE6 /* Resources */,
				774A78210AE5B15EC2CC69B2 /* Copy Pods Resources */,
			);
			buildRules = (
			);
			dependencies = (
			);
			name = ffmpegDemo;
			productName = ffmpegDemo;
			productReference = 0AE3ECEB1C3CC4B300D9BCE6 /* ffmpegDemo.app */;
			productType = "com.apple.product-type.application";
		};
/* End PBXNativeTarget section */

/* Begin PBXProject section */
		0AE3ECE31C3CC4B300D9BCE6 /* Project object */ = {
			isa = PBXProject;
			attributes = {
				LastSwiftUpdateCheck = 0720;
				LastUpgradeCheck = 0720;
				ORGANIZATIONNAME = gdmobZHX;
				TargetAttributes = {
					0AE3ECEA1C3CC4B300D9BCE6 = {
						CreatedOnToolsVersion = 7.2;
					};
				};
			};
			buildConfigurationList = 0AE3ECE61C3CC4B300D9BCE6 /* Build configuration list for PBXProject "ffmpegDemo" */;
			compatibilityVersion = "Xcode 3.2";
			developmentRegion = English;
			hasScannedForEncodings = 0;
			knownRegions = (
				en,
				Base,
			);
			mainGroup = 0AE3ECE21C3CC4B300D9BCE6;
			productRefGroup = 0AE3ECEC1C3CC4B300D9BCE6 /* Products */;
			projectDirPath = "";
			projectRoot = "";
			targets = (
				0AE3ECEA1C3CC4B300D9BCE6 /* ffmpegDemo */,
			);
		};
/* End PBXProject section */

/* Begin PBXResourcesBuildPhase section */
		0AE3ECE91C3CC4B300D9BCE6 /* Resources */ = {
			isa = PBXResourcesBuildPhase;
			buildActionMask = 2147483647;
			files = (
				0AC66C9B1C3E4B8400343D81 /* war3end.mp4 in Resources */,
				0AE3EDB91C3CE50600D9BCE6 /* libavfilter in Resources */,
				0AE3ECF91C3CC4B300D9BCE6 /* LaunchScreen.storyboard in Resources */,
				0AE3EDBB1C3CE50600D9BCE6 /* libavutil in Resources */,
				0AE3EDBA1C3CE50600D9BCE6 /* libavformat in Resources */,
				0AE3EDB71C3CE50600D9BCE6 /* libavcodec in Resources */,
				0AE3EDBD1C3CE50600D9BCE6 /* libswscale in Resources */,
				0AE3EDB81C3CE50600D9BCE6 /* libavdevice in Resources */,
				0AE3EDBC1C3CE50600D9BCE6 /* libswresample in Resources */,
				0AE3ECF61C3CC4B300D9BCE6 /* Assets.xcassets in Resources */,
				0AE3ECF41C3CC4B300D9BCE6 /* Main.storyboard in Resources */,
			);
			runOnlyForDeploymentPostprocessing = 0;
		};
/* End PBXResourcesBuildPhase section */

/* Begin PBXShellScriptBuildPhase section */
		59382E8201D21989EA7B22D8 /* Check Pods Manifest.lock */ = {
			isa = PBXShellScriptBuildPhase;
			buildActionMask = 2147483647;
			files = (
			);
			inputPaths = (
			);
			name = "Check Pods Manifest.lock";
			outputPaths = (
			);
			runOnlyForDeploymentPostprocessing = 0;
			shellPath = /bin/sh;
			shellScript = "diff \"${PODS_ROOT}/../Podfile.lock\" \"${PODS_ROOT}/Manifest.lock\" > /dev/null\nif [[ $? != 0 ]] ; then\n    cat << EOM\nerror: The sandbox is not in sync with the Podfile.lock. Run 'pod install' or update your CocoaPods installation.\nEOM\n    exit 1\nfi\n";
			showEnvVarsInLog = 0;
		};
		774A78210AE5B15EC2CC69B2 /* Copy Pods Resources */ = {
			isa = PBXShellScriptBuildPhase;
			buildActionMask = 2147483647;
			files = (
			);
			inputPaths = (
			);
			name = "Copy Pods Resources";
			outputPaths = (
			);
			runOnlyForDeploymentPostprocessing = 0;
			shellPath = /bin/sh;
			shellScript = "\"${SRCROOT}/Pods/Target Support Files/Pods/Pods-resources.sh\"\n";
			showEnvVarsInLog = 0;
		};
/* End PBXShellScriptBuildPhase section */

/* Begin PBXSourcesBuildPhase section */
		0AE3ECE71C3CC4B300D9BCE6 /* Sources */ = {
			isa = PBXSourcesBuildPhase;
			buildActionMask = 2147483647;
			files = (
				0A3D9FA41C3DF93B00531EE3 /* XZDecoder.m in Sources */,
				0AE3ECF11C3CC4B300D9BCE6 /* ViewController.swift in Sources */,
				0AE3ECEF1C3CC4B300D9BCE6 /* AppDelegate.swift in Sources */,
			);
			runOnlyForDeploymentPostprocessing = 0;
		};
/* End PBXSourcesBuildPhase section */

/* Begin PBXVariantGroup section */
		0AE3ECF21C3CC4B300D9BCE6 /* Main.storyboard */ = {
			isa = PBXVariantGroup;
			children = (
				0AE3ECF31C3CC4B300D9BCE6 /* Base */,
			);
			name = Main.storyboard;
			sourceTree = "<group>";
		};
		0AE3ECF71C3CC4B300D9BCE6 /* LaunchScreen.storyboard */ = {
			isa = PBXVariantGroup;
			children = (
				0AE3ECF81C3CC4B300D9BCE6 /* Base */,
			);
			name = LaunchScreen.storyboard;
			sourceTree = "<group>";
		};
/* End PBXVariantGroup section */

/* Begin XCBuildConfiguration section */
		0AE3ED111C3CC4B400D9BCE6 /* Debug */ = {
			isa = XCBuildConfiguration;
			buildSettings = {
				ALWAYS_SEARCH_USER_PATHS = NO;
				CLANG_CXX_LANGUAGE_STANDARD = "gnu++0x";
				CLANG_CXX_LIBRARY = "libc++";
				CLANG_ENABLE_MODULES = YES;
				CLANG_ENABLE_OBJC_ARC = YES;
				CLANG_WARN_BOOL_CONVERSION = YES;
				CLANG_WARN_CONSTANT_CONVERSION = YES;
				CLANG_WARN_DIRECT_OBJC_ISA_USAGE = YES_ERROR;
				CLANG_WARN_EMPTY_BODY = YES;
				CLANG_WARN_ENUM_CONVERSION = YES;
				CLANG_WARN_INT_CONVERSION = YES;
				CLANG_WARN_OBJC_ROOT_CLASS = YES_ERROR;
				CLANG_WARN_UNREACHABLE_CODE = YES;
				CLANG_WARN__DUPLICATE_METHOD_MATCH = YES;
				"CODE_SIGN_IDENTITY[sdk=iphoneos*]" = "iPhone Developer";
				COPY_PHASE_STRIP = NO;
				DEBUG_INFORMATION_FORMAT = dwarf;
				ENABLE_STRICT_OBJC_MSGSEND = YES;
				ENABLE_TESTABILITY = YES;
				GCC_C_LANGUAGE_STANDARD = gnu99;
				GCC_DYNAMIC_NO_PIC = NO;
				GCC_NO_COMMON_BLOCKS = YES;
				GCC_OPTIMIZATION_LEVEL = 0;
				GCC_PREPROCESSOR_DEFINITIONS = (
					"DEBUG=1",
					"$(inherited)",
				);
				GCC_WARN_64_TO_32_BIT_CONVERSION = YES;
				GCC_WARN_ABOUT_RETURN_TYPE = YES_ERROR;
				GCC_WARN_UNDECLARED_SELECTOR = YES;
				GCC_WARN_UNINITIALIZED_AUTOS = YES_AGGRESSIVE;
				GCC_WARN_UNUSED_FUNCTION = YES;
				GCC_WARN_UNUSED_VARIABLE = YES;
				IPHONEOS_DEPLOYMENT_TARGET = 9.2;
				MTL_ENABLE_DEBUG_INFO = YES;
				ONLY_ACTIVE_ARCH = NO;
				SDKROOT = iphoneos;
				SWIFT_OPTIMIZATION_LEVEL = "-Onone";
			};
			name = Debug;
		};
		0AE3ED121C3CC4B400D9BCE6 /* Release */ = {
			isa = XCBuildConfiguration;
			buildSettings = {
				ALWAYS_SEARCH_USER_PATHS = NO;
				CLANG_CXX_LANGUAGE_STANDARD = "gnu++0x";
				CLANG_CXX_LIBRARY = "libc++";
				CLANG_ENABLE_MODULES = YES;
				CLANG_ENABLE_OBJC_ARC = YES;
				CLANG_WARN_BOOL_CONVERSION = YES;
				CLANG_WARN_CONSTANT_CONVERSION = YES;
				CLANG_WARN_DIRECT_OBJC_ISA_USAGE = YES_ERROR;
				CLANG_WARN_EMPTY_BODY = YES;
				CLANG_WARN_ENUM_CONVERSION = YES;
				CLANG_WARN_INT_CONVERSION = YES;
				CLANG_WARN_OBJC_ROOT_CLASS = YES_ERROR;
				CLANG_WARN_UNREACHABLE_CODE = YES;
				CLANG_WARN__DUPLICATE_METHOD_MATCH = YES;
				"CODE_SIGN_IDENTITY[sdk=iphoneos*]" = "iPhone Developer";
				COPY_PHASE_STRIP = NO;
				DEBUG_INFORMATION_FORMAT = "dwarf-with-dsym";
				ENABLE_NS_ASSERTIONS = NO;
				ENABLE_STRICT_OBJC_MSGSEND = YES;
				GCC_C_LANGUAGE_STANDARD = gnu99;
				GCC_NO_COMMON_BLOCKS = YES;
				GCC_WARN_64_TO_32_BIT_CONVERSION = YES;
				GCC_WARN_ABOUT_RETURN_TYPE = YES_ERROR;
				GCC_WARN_UNDECLARED_SELECTOR = YES;
				GCC_WARN_UNINITIALIZED_AUTOS = YES_AGGRESSIVE;
				GCC_WARN_UNUSED_FUNCTION = YES;
				GCC_WARN_UNUSED_VARIABLE = YES;
				IPHONEOS_DEPLOYMENT_TARGET = 9.2;
				MTL_ENABLE_DEBUG_INFO = NO;
				ONLY_ACTIVE_ARCH = NO;
				SDKROOT = iphoneos;
				VALIDATE_PRODUCT = YES;
			};
			name = Release;
		};
		0AE3ED141C3CC4B400D9BCE6 /* Debug */ = {
			isa = XCBuildConfiguration;
			baseConfigurationReference = B1A2B0786793B219DE7AFED8 /* Pods.debug.xcconfig */;
			buildSettings = {
				ASSETCATALOG_COMPILER_APPICON_NAME = AppIcon;
				CODE_SIGN_IDENTITY = "iPhone Developer";
				ENABLE_BITCODE = YES;
				HEADER_SEARCH_PATHS = (
					"$(PROJECT_DIR)/ffmpegDemo",
					"$(PROJECT_DIR)",
					"$(inherited)",
					"\"${PODS_ROOT}/Headers/Public\"",
					"\"${PODS_ROOT}/Headers/Public/UriParser-cpp\"",
					"\"${PODS_ROOT}/Headers/Public/UriParser-cpp/UriParser\"",
					"\"${PODS_ROOT}/Headers/Public/VideoCore\"",
					"\"${PODS_ROOT}/Headers/Public/VideoCore/videocore/api/iOS\"",
					"\"${PODS_ROOT}/Headers/Public/VideoCore/videocore/filters\"",
					"\"${PODS_ROOT}/Headers/Public/VideoCore/videocore/filters/Basic\"",
					"\"${PODS_ROOT}/Headers/Public/VideoCore/videocore/mixers\"",
					"\"${PODS_ROOT}/Headers/Public/VideoCore/videocore/mixers/Apple\"",
					"\"${PODS_ROOT}/Headers/Public/VideoCore/videocore/mixers/iOS\"",
					"\"${PODS_ROOT}/Headers/Public/VideoCore/videocore/rtmp\"",
					"\"${PODS_ROOT}/Headers/Public/VideoCore/videocore/sources\"",
					"\"${PODS_ROOT}/Headers/Public/VideoCore/videocore/sources/Apple\"",
					"\"${PODS_ROOT}/Headers/Public/VideoCore/videocore/sources/iOS\"",
					"\"${PODS_ROOT}/Headers/Public/VideoCore/videocore/stream\"",
					"\"${PODS_ROOT}/Headers/Public/VideoCore/videocore/stream/Apple\"",
					"\"${PODS_ROOT}/Headers/Public/VideoCore/videocore/system\"",
					"\"${PODS_ROOT}/Headers/Public/VideoCore/videocore/system/h264\"",
					"\"${PODS_ROOT}/Headers/Public/VideoCore/videocore/system/pixelBuffer\"",
					"\"${PODS_ROOT}/Headers/Public/VideoCore/videocore/system/pixelBuffer/Apple\"",
					"\"${PODS_ROOT}/Headers/Public/VideoCore/videocore/transforms\"",
					"\"${PODS_ROOT}/Headers/Public/VideoCore/videocore/transforms/Apple\"",
					"\"${PODS_ROOT}/Headers/Public/VideoCore/videocore/transforms/RTMP\"",
					"\"${PODS_ROOT}/Headers/Public/VideoCore/videocore/transforms/iOS\"",
					"\"${PODS_ROOT}/Headers/Public/boost\"",
					"\"${PODS_ROOT}/Headers/Public/glm\"",
					"\"${PODS_ROOT}/Headers/Public/glm/core\"",
					"\"${PODS_ROOT}/Headers/Public/glm/gtc\"",
					"\"${PODS_ROOT}/Headers/Public/glm/gtx\"",
					"\"${PODS_ROOT}/Headers/Public/glm/virtrev\"",
					"${PODS_ROOT}/boost",
					"\"${PODS_ROOT}/boost\"",
					"\"${PODS_ROOT}/boost\"",
					"\"${PODS_ROOT}/boost\"",
					"\"${PODS_ROOT}/boost\"",
					"\"${PODS_ROOT}/boost\"",
					"\"${PODS_ROOT}/boost\"",
					"\"${PODS_ROOT}/boost\"",
					"\"${PODS_ROOT}/boost\"",
				);
				INFOPLIST_FILE = ffmpegDemo/Info.plist;
				LD_NO_PIE = YES;
				LD_RUNPATH_SEARCH_PATHS = "$(inherited) @executable_path/Frameworks";
				LIBRARY_SEARCH_PATHS = (
					"$(inherited)",
					"$(PROJECT_DIR)",
					"$(PROJECT_DIR)/ffmpegDemo",
				);
				ONLY_ACTIVE_ARCH = YES;
				OTHER_LDFLAGS = (
					"$(inherited)",
					"-liconv",
					"-lz",
					"-ObjC",
					"-l\"Pods-UriParser-cpp\"",
					"-l\"Pods-VideoCore\"",
					"-l\"c++\"",
					"-framework",
					"\"AVFoundation\"",
					"-framework",
					"\"AudioToolbox\"",
					"-framework",
					"\"CFNetwork\"",
					"-framework",
					"\"CoreGraphics\"",
					"-framework",
					"\"CoreMedia\"",
					"-framework",
					"\"CoreVideo\"",
					"-framework",
					"\"Foundation\"",
					"-framework",
					"\"OpenGLES\"",
					"-framework",
					"\"VideoToolbox\"",
				);
				PRODUCT_BUNDLE_IDENTIFIER = com.gdmob.ffmpegDemo;
				PRODUCT_NAME = "$(TARGET_NAME)";
				SWIFT_OBJC_BRIDGING_HEADER = "ffmpegDemo/ffmpegDemo-Bridging-Header.h";
				VALID_ARCHS = "arm64 armv7 armv7s";
			};
			name = Debug;
		};
		0AE3ED151C3CC4B400D9BCE6 /* Release */ = {
			isa = XCBuildConfiguration;
			baseConfigurationReference = 036CBEFA459A6EE8F0BB24C2 /* Pods.release.xcconfig */;
			buildSettings = {
				ASSETCATALOG_COMPILER_APPICON_NAME = AppIcon;
				CODE_SIGN_IDENTITY = "iPhone Developer";
				ENABLE_BITCODE = YES;
				HEADER_SEARCH_PATHS = (
					"$(PROJECT_DIR)/ffmpegDemo",
					"$(PROJECT_DIR)",
					"$(inherited)",
					"\"${PODS_ROOT}/Headers/Public\"",
					"\"${PODS_ROOT}/Headers/Public/UriParser-cpp\"",
					"\"${PODS_ROOT}/Headers/Public/UriParser-cpp/UriParser\"",
					"\"${PODS_ROOT}/Headers/Public/VideoCore\"",
					"\"${PODS_ROOT}/Headers/Public/VideoCore/videocore/api/iOS\"",
					"\"${PODS_ROOT}/Headers/Public/VideoCore/videocore/filters\"",
					"\"${PODS_ROOT}/Headers/Public/VideoCore/videocore/filters/Basic\"",
					"\"${PODS_ROOT}/Headers/Public/VideoCore/videocore/mixers\"",
					"\"${PODS_ROOT}/Headers/Public/VideoCore/videocore/mixers/Apple\"",
					"\"${PODS_ROOT}/Headers/Public/VideoCore/videocore/mixers/iOS\"",
					"\"${PODS_ROOT}/Headers/Public/VideoCore/videocore/rtmp\"",
					"\"${PODS_ROOT}/Headers/Public/VideoCore/videocore/sources\"",
					"\"${PODS_ROOT}/Headers/Public/VideoCore/videocore/sources/Apple\"",
					"\"${PODS_ROOT}/Headers/Public/VideoCore/videocore/sources/iOS\"",
					"\"${PODS_ROOT}/Headers/Public/VideoCore/videocore/stream\"",
					"\"${PODS_ROOT}/Headers/Public/VideoCore/videocore/stream/Apple\"",
					"\"${PODS_ROOT}/Headers/Public/VideoCore/videocore/system\"",
					"\"${PODS_ROOT}/Headers/Public/VideoCore/videocore/system/h264\"",
					"\"${PODS_ROOT}/Headers/Public/VideoCore/videocore/system/pixelBuffer\"",
					"\"${PODS_ROOT}/Headers/Public/VideoCore/videocore/system/pixelBuffer/Apple\"",
					"\"${PODS_ROOT}/Headers/Public/VideoCore/videocore/transforms\"",
					"\"${PODS_ROOT}/Headers/Public/VideoCore/videocore/transforms/Apple\"",
					"\"${PODS_ROOT}/Headers/Public/VideoCore/videocore/transforms/RTMP\"",
					"\"${PODS_ROOT}/Headers/Public/VideoCore/videocore/transforms/iOS\"",
					"\"${PODS_ROOT}/Headers/Public/boost\"",
					"\"${PODS_ROOT}/Headers/Public/glm\"",
					"\"${PODS_ROOT}/Headers/Public/glm/core\"",
					"\"${PODS_ROOT}/Headers/Public/glm/gtc\"",
					"\"${PODS_ROOT}/Headers/Public/glm/gtx\"",
					"\"${PODS_ROOT}/Headers/Public/glm/virtrev\"",
					"${PODS_ROOT}/boost",
					"\"${PODS_ROOT}/boost\"",
					"\"${PODS_ROOT}/boost\"",
					"\"${PODS_ROOT}/boost\"",
					"\"${PODS_ROOT}/boost\"",
					"\"${PODS_ROOT}/boost\"",
					"\"${PODS_ROOT}/boost\"",
					"\"${PODS_ROOT}/boost\"",
					"\"${PODS_ROOT}/boost\"",
				);
				INFOPLIST_FILE = ffmpegDemo/Info.plist;
				LD_NO_PIE = YES;
				LD_RUNPATH_SEARCH_PATHS = "$(inherited) @executable_path/Frameworks";
				LIBRARY_SEARCH_PATHS = (
					"$(inherited)",
					"$(PROJECT_DIR)",
					"$(PROJECT_DIR)/ffmpegDemo",
				);
				ONLY_ACTIVE_ARCH = NO;
				OTHER_LDFLAGS = (
					"$(inherited)",
					"-liconv",
					"-lz",
					"-ObjC",
					"-l\"Pods-UriParser-cpp\"",
					"-l\"Pods-VideoCore\"",
					"-l\"c++\"",
					"-framework",
					"\"AVFoundation\"",
					"-framework",
					"\"AudioToolbox\"",
					"-framework",
					"\"CFNetwork\"",
					"-framework",
					"\"CoreGraphics\"",
					"-framework",
					"\"CoreMedia\"",
					"-framework",
					"\"CoreVideo\"",
					"-framework",
					"\"Foundation\"",
					"-framework",
					"\"OpenGLES\"",
					"-framework",
					"\"VideoToolbox\"",
				);
				PRODUCT_BUNDLE_IDENTIFIER = com.gdmob.ffmpegDemo;
				PRODUCT_NAME = "$(TARGET_NAME)";
				SWIFT_OBJC_BRIDGING_HEADER = "ffmpegDemo/ffmpegDemo-Bridging-Header.h";
				VALID_ARCHS = "arm64 armv7 armv7s";
			};
			name = Release;
		};
/* End XCBuildConfiguration section */

/* Begin XCConfigurationList section */
		0AE3ECE61C3CC4B300D9BCE6 /* Build configuration list for PBXProject "ffmpegDemo" */ = {
			isa = XCConfigurationList;
			buildConfigurations = (
				0AE3ED111C3CC4B400D9BCE6 /* Debug */,
				0AE3ED121C3CC4B400D9BCE6 /* Release */,
			);
			defaultConfigurationIsVisible = 0;
			defaultConfigurationName = Release;
		};
		0AE3ED131C3CC4B400D9BCE6 /* Build configuration list for PBXNativeTarget "ffmpegDemo" */ = {
			isa = XCConfigurationList;
			buildConfigurations = (
				0AE3ED141C3CC4B400D9BCE6 /* Debug */,
				0AE3ED151C3CC4B400D9BCE6 /* Release */,
			);
			defaultConfigurationIsVisible = 0;
			defaultConfigurationName = Release;
		};
/* End XCConfigurationList section */
	};
	rootObject = 0AE3ECE31C3CC4B300D9BCE6 /* Project object */;
}
